
Microsoft Visual Studio Solution File, Format Version 12.00
# Visual Studio Version 17
VisualStudioVersion = 17.4.33122.133
MinimumVisualStudioVersion = 10.0.40219.1
Project("{9A19103F-16F7-4668-BE54-9A1E7A4F7556}") = "AdventOfCode2022_Day01", "AdventOfCode2022_Day01\AdventOfCode2022_Day01.csproj", "{344A4A60-E4A8-4983-84A3-06CD139FC988}"
EndProject
Project("{9A19103F-16F7-4668-BE54-9A1E7A4F7556}") = "AdventOfCode2022_Day02", "AdventOfCode2022_Day02\AdventOfCode2022_Day02.csproj", "{7E00043D-203D-4718-A09B-5F9085716D12}"
EndProject
Project("{9A19103F-16F7-4668-BE54-9A1E7A4F7556}") = "AdventOfCode2022_Day03", "AdventOfCode2022_Day03\AdventOfCode2022_Day03.csproj", "{3AFCB269-E5E7-4612-9BA2-B879E836BE8D}"
EndProject
Project("{9A19103F-16F7-4668-BE54-9A1E7A4F7556}") = "AdventOfCode2022_Day04", "AdventOfCode2022_Day04\AdventOfCode2022_Day04.csproj", "{08931723-DA65-47CE-882C-5BE19BE23CEE}"
EndProject
Project("{9A19103F-16F7-4668-BE54-9A1E7A4F7556}") = "AdventOfCode2022-Day05", "AdventOfCode2022-Day05\AdventOfCode2022-Day05.csproj", "{94272D58-7754-4B24-AFCB-E47FCE429586}"
EndProject
Project("{9A19103F-16F7-4668-BE54-9A1E7A4F7556}") = "AdventOfCode2022_Day06", "AdventOfCode2022_Day05\AdventOfCode2022_Day06.csproj", "{F426A21D-EBAA-4836-BD09-F14F907FEF48}"
EndProject
Project("{FAE04EC0-301F-11D3-BF4B-00C04F79EFBC}") = "AdventOfCode2022_Day07", "AdventOfCode2022_Day07\AdventOfCode2022_Day07.csproj", "{791F9A3A-A875-4709-90EF-BAFA3A2F2E26}"
EndProject
Global
	GlobalSection(SolutionConfigurationPlatforms) = preSolution
		Debug|Any CPU = Debug|Any CPU
		Release|Any CPU = Release|Any CPU
	EndGlobalSection
	GlobalSection(ProjectConfigurationPlatforms) = postSolution
		{344A4A60-E4A8-4983-84A3-06CD139FC988}.Debug|Any CPU.ActiveCfg = Debug|Any CPU
		{344A4A60-E4A8-4983-84A3-06CD139FC988}.Debug|Any CPU.Build.0 = Debug|Any CPU
		{344A4A60-E4A8-4983-84A3-06CD139FC988}.Release|Any CPU.ActiveCfg = Release|Any CPU
		{344A4A60-E4A8-4983-84A3-06CD139FC988}.Release|Any CPU.Build.0 = Release|Any CPU
		{7E00043D-203D-4718-A09B-5F9085716D12}.Debug|Any CPU.ActiveCfg = Debug|Any CPU
		{7E00043D-203D-4718-A09B-5F9085716D12}.Debug|Any CPU.Build.0 = Debug|Any CPU
		{7E00043D-203D-4718-A09B-5F9085716D12}.Release|Any CPU.ActiveCfg = Release|Any CPU
		{7E00043D-203D-4718-A09B-5F9085716D12}.Release|Any CPU.Build.0 = Release|Any CPU
		{3AFCB269-E5E7-4612-9BA2-B879E836BE8D}.Debug|Any CPU.ActiveCfg = Debug|Any CPU
		{3AFCB269-E5E7-4612-9BA2-B879E836BE8D}.Debug|Any CPU.Build.0 = Debug|Any CPU
		{3AFCB269-E5E7-4612-9BA2-B879E836BE8D}.Release|Any CPU.ActiveCfg = Release|Any CPU
		{3AFCB269-E5E7-4612-9BA2-B879E836BE8D}.Release|Any CPU.Build.0 = Release|Any CPU
		{08931723-DA65-47CE-882C-5BE19BE23CEE}.Debug|Any CPU.ActiveCfg = Debug|Any CPU
		{08931723-DA65-47CE-882C-5BE19BE23CEE}.Debug|Any CPU.Build.0 = Debug|Any CPU
		{08931723-DA65-47CE-882C-5BE19BE23CEE}.Release|Any CPU.ActiveCfg = Release|Any CPU
		{08931723-DA65-47CE-882C-5BE19BE23CEE}.Release|Any CPU.Build.0 = Release|Any CPU
		{94272D58-7754-4B24-AFCB-E47FCE429586}.Debug|Any CPU.ActiveCfg = Debug|Any CPU
		{94272D58-7754-4B24-AFCB-E47FCE429586}.Debug|Any CPU.Build.0 = Debug|Any CPU
		{94272D58-7754-4B24-AFCB-E47FCE429586}.Release|Any CPU.ActiveCfg = Release|Any CPU
		{94272D58-7754-4B24-AFCB-E47FCE429586}.Release|Any CPU.Build.0 = Release|Any CPU
		{F426A21D-EBAA-4836-BD09-F14F907FEF48}.Debug|Any CPU.ActiveCfg = Debug|Any CPU
		{F426A21D-EBAA-4836-BD09-F14F907FEF48}.Debug|Any CPU.Build.0 = Debug|Any CPU
		{F426A21D-EBAA-4836-BD09-F14F907FEF48}.Release|Any CPU.ActiveCfg = Release|Any CPU
		{F426A21D-EBAA-4836-BD09-F14F907FEF48}.Release|Any CPU.Build.0 = Release|Any CPU
		{791F9A3A-A875-4709-90EF-BAFA3A2F2E26}.Debug|Any CPU.ActiveCfg = Debug|Any CPU
		{791F9A3A-A875-4709-90EF-BAFA3A2F2E26}.Debug|Any CPU.Build.0 = Debug|Any CPU
		{791F9A3A-A875-4709-90EF-BAFA3A2F2E26}.Release|Any CPU.ActiveCfg = Release|Any CPU
		{791F9A3A-A875-4709-90EF-BAFA3A2F2E26}.Release|Any CPU.Build.0 = Release|Any CPU
	EndGlobalSection
	GlobalSection(SolutionProperties) = preSolution
		HideSolutionNode = FALSE
	EndGlobalSection
	GlobalSection(ExtensibilityGlobals) = postSolution
		SolutionGuid = {D2DA1E1C-83F2-4684-B78E-C2FE3B578EF8}
	EndGlobalSection
EndGlobal
